// !$*UTF8*$!
{
	archiveVersion = 1;
	classes = {
	};
	objectVersion = 56;
	objects = {

/* Begin PBXBuildFile section */
		0F07DEFB2B2FD8E100162889 /* HomeSliersCVCell.swift in Sources */ = {isa = PBXBuildFile; fileRef = 0F07DEF92B2FD8E100162889 /* HomeSliersCVCell.swift */; };
		0F07DEFC2B2FD8E100162889 /* HomeSliersCVCell.xib in Resources */ = {isa = PBXBuildFile; fileRef = 0F07DEFA2B2FD8E100162889 /* HomeSliersCVCell.xib */; };
		0F07DEFF2B2FD95300162889 /* HomeCategoriesCVCell.swift in Sources */ = {isa = PBXBuildFile; fileRef = 0F07DEFD2B2FD95300162889 /* HomeCategoriesCVCell.swift */; };
		0F07DF002B2FD95300162889 /* HomeCategoriesCVCell.xib in Resources */ = {isa = PBXBuildFile; fileRef = 0F07DEFE2B2FD95300162889 /* HomeCategoriesCVCell.xib */; };
		0F07DF032B2FD9C400162889 /* HomeProductsCVCell.swift in Sources */ = {isa = PBXBuildFile; fileRef = 0F07DF012B2FD9C400162889 /* HomeProductsCVCell.swift */; };
		0F07DF042B2FD9C400162889 /* HomeProductsCVCell.xib in Resources */ = {isa = PBXBuildFile; fileRef = 0F07DF022B2FD9C400162889 /* HomeProductsCVCell.xib */; };
		0F33035C2B098E3B00487F6D /* CartCell.swift in Sources */ = {isa = PBXBuildFile; fileRef = 0F33035A2B098E3B00487F6D /* CartCell.swift */; };
		0F33035D2B098E3B00487F6D /* CartCell.xib in Resources */ = {isa = PBXBuildFile; fileRef = 0F33035B2B098E3B00487F6D /* CartCell.xib */; };
		0F33035F2B0ACBAE00487F6D /* CartModel.swift in Sources */ = {isa = PBXBuildFile; fileRef = 0F33035E2B0ACBAE00487F6D /* CartModel.swift */; };
		0F3303612B0AE77B00487F6D /* Assets.xcassets in Resources */ = {isa = PBXBuildFile; fileRef = 0F3303602B0AE77B00487F6D /* Assets.xcassets */; };
		0F3E1AA62B1D596B0004FEAE /* CheckoutVC.swift in Sources */ = {isa = PBXBuildFile; fileRef = 0F3E1AA52B1D596B0004FEAE /* CheckoutVC.swift */; };
		0F3E1AA92B1D5F750004FEAE /* CheckoutCell.swift in Sources */ = {isa = PBXBuildFile; fileRef = 0F3E1AA72B1D5F750004FEAE /* CheckoutCell.swift */; };
		0F3E1AAA2B1D5F750004FEAE /* CheckoutCell.xib in Resources */ = {isa = PBXBuildFile; fileRef = 0F3E1AA82B1D5F750004FEAE /* CheckoutCell.xib */; };
		0F3E1AAC2B1D6A6E0004FEAE /* Checkout.swift in Sources */ = {isa = PBXBuildFile; fileRef = 0F3E1AAB2B1D6A6E0004FEAE /* Checkout.swift */; };
		0F4780902B03FF4F006B2FDF /* AddressesVC.swift in Sources */ = {isa = PBXBuildFile; fileRef = 0F47808E2B03FF4F006B2FDF /* AddressesVC.swift */; };
		0F4780942B03FFC8006B2FDF /* AddressesCell.swift in Sources */ = {isa = PBXBuildFile; fileRef = 0F4780922B03FFC8006B2FDF /* AddressesCell.swift */; };
		0F4780952B03FFC8006B2FDF /* AddressesCell.xib in Resources */ = {isa = PBXBuildFile; fileRef = 0F4780932B03FFC8006B2FDF /* AddressesCell.xib */; };
		0F4780982B0402A0006B2FDF /* Enum+String.swift in Sources */ = {isa = PBXBuildFile; fileRef = 0F4780972B0402A0006B2FDF /* Enum+String.swift */; };
		0F47809A2B043129006B2FDF /* AddressModel.swift in Sources */ = {isa = PBXBuildFile; fileRef = 0F4780992B043129006B2FDF /* AddressModel.swift */; };
		0F4780EC2B06F810006B2FDF /* NewAddressVC.swift in Sources */ = {isa = PBXBuildFile; fileRef = 0F4780EB2B06F80F006B2FDF /* NewAddressVC.swift */; };
		0F57E15F2B2F5A5800757AC2 /* HomeVC.swift in Sources */ = {isa = PBXBuildFile; fileRef = 0F57E15E2B2F5A5800757AC2 /* HomeVC.swift */; };
		0F682D682B12A232006F6272 /* ProductsVC.swift in Sources */ = {isa = PBXBuildFile; fileRef = 0F682D662B12A232006F6272 /* ProductsVC.swift */; };
		0F682DE72B141860006F6272 /* ProuductCell.swift in Sources */ = {isa = PBXBuildFile; fileRef = 0F682DE52B141860006F6272 /* ProuductCell.swift */; };
		0F682DE82B141860006F6272 /* ProuductCell.xib in Resources */ = {isa = PBXBuildFile; fileRef = 0F682DE62B141860006F6272 /* ProuductCell.xib */; };
		0F682DEB2B142419006F6272 /* Helper.swift in Sources */ = {isa = PBXBuildFile; fileRef = 0F682DEA2B142419006F6272 /* Helper.swift */; };
		0F682DED2B143782006F6272 /* Products.swift in Sources */ = {isa = PBXBuildFile; fileRef = 0F682DEC2B143782006F6272 /* Products.swift */; };
		0F7CE00E2AF7156800595E48 /* OrdersVC.swift in Sources */ = {isa = PBXBuildFile; fileRef = 0F7CE00D2AF7156800595E48 /* OrdersVC.swift */; };
		0F7CE0142AF7191B00595E48 /* OrdersCell.swift in Sources */ = {isa = PBXBuildFile; fileRef = 0F7CE0122AF7191B00595E48 /* OrdersCell.swift */; };
		0F7CE0152AF7191B00595E48 /* OrdersCell.xib in Resources */ = {isa = PBXBuildFile; fileRef = 0F7CE0132AF7191B00595E48 /* OrdersCell.xib */; };
		0F7CE0182AF71B1200595E48 /* OrdersModels.swift in Sources */ = {isa = PBXBuildFile; fileRef = 0F7CE0172AF71B1200595E48 /* OrdersModels.swift */; };
		0F8D03BA2B2A3D28006216FA /* CollectionViewCell+Enum.swift in Sources */ = {isa = PBXBuildFile; fileRef = 0F8D03B92B2A3D28006216FA /* CollectionViewCell+Enum.swift */; };
		0F92526B2AE9E52F00851FA4 /* AppDelegate.swift in Sources */ = {isa = PBXBuildFile; fileRef = 0F92526A2AE9E52F00851FA4 /* AppDelegate.swift */; };
		0F92526D2AE9E52F00851FA4 /* SceneDelegate.swift in Sources */ = {isa = PBXBuildFile; fileRef = 0F92526C2AE9E52F00851FA4 /* SceneDelegate.swift */; };
		0F92526F2AE9E52F00851FA4 /* LoginVC.swift in Sources */ = {isa = PBXBuildFile; fileRef = 0F92526E2AE9E52F00851FA4 /* LoginVC.swift */; };
		0F9252722AE9E52F00851FA4 /* Main.storyboard in Resources */ = {isa = PBXBuildFile; fileRef = 0F9252702AE9E52F00851FA4 /* Main.storyboard */; };
		0F9252772AE9E53000851FA4 /* LaunchScreen.storyboard in Resources */ = {isa = PBXBuildFile; fileRef = 0F9252752AE9E53000851FA4 /* LaunchScreen.storyboard */; };
		0F9252C52AEDD09700851FA4 /* UIView+Extensions.swift in Sources */ = {isa = PBXBuildFile; fileRef = 0F9252C42AEDD09700851FA4 /* UIView+Extensions.swift */; };
		0F9252C72AEF1FBA00851FA4 /* Colors.swift in Sources */ = {isa = PBXBuildFile; fileRef = 0F9252C62AEF1FBA00851FA4 /* Colors.swift */; };
		0F9252F92AF0936800851FA4 /* RegisterVC.swift in Sources */ = {isa = PBXBuildFile; fileRef = 0F9252F82AF0936800851FA4 /* RegisterVC.swift */; };
		0FA941A22B2CFF7000ECF096 /* Categories.swift in Sources */ = {isa = PBXBuildFile; fileRef = 0FA941A12B2CFF7000ECF096 /* Categories.swift */; };
		0FAAC19C2B2BD01E00C07BD6 /* CategoriesVC.swift in Sources */ = {isa = PBXBuildFile; fileRef = 0FAAC19B2B2BD01E00C07BD6 /* CategoriesVC.swift */; };
		0FAAC19F2B2BD29300C07BD6 /* CategoriesCell.swift in Sources */ = {isa = PBXBuildFile; fileRef = 0FAAC19D2B2BD29300C07BD6 /* CategoriesCell.swift */; };
		0FAAC1A02B2BD29300C07BD6 /* CategoriesCell.xib in Resources */ = {isa = PBXBuildFile; fileRef = 0FAAC19E2B2BD29300C07BD6 /* CategoriesCell.xib */; };
		0FAAC1A32B2BD2A700C07BD6 /* ProudectCell.swift in Sources */ = {isa = PBXBuildFile; fileRef = 0FAAC1A12B2BD2A700C07BD6 /* ProudectCell.swift */; };
		0FAAC1A42B2BD2A700C07BD6 /* ProudectCell.xib in Resources */ = {isa = PBXBuildFile; fileRef = 0FAAC1A22B2BD2A700C07BD6 /* ProudectCell.xib */; };
		0FAED3CE2B09848A002109F2 /* CartVC.swift in Sources */ = {isa = PBXBuildFile; fileRef = 0FAED3CD2B09848A002109F2 /* CartVC.swift */; };
		0FD30A802B2007F100A39E49 /* UITableView+Extension.swift in Sources */ = {isa = PBXBuildFile; fileRef = 0FD30A7F2B2007F100A39E49 /* UITableView+Extension.swift */; };
/* End PBXBuildFile section */

/* Begin PBXFileReference section */
		0F07DEF92B2FD8E100162889 /* HomeSliersCVCell.swift */ = {isa = PBXFileReference; lastKnownFileType = sourcecode.swift; path = HomeSliersCVCell.swift; sourceTree = "<group>"; };
		0F07DEFA2B2FD8E100162889 /* HomeSliersCVCell.xib */ = {isa = PBXFileReference; lastKnownFileType = file.xib; path = HomeSliersCVCell.xib; sourceTree = "<group>"; };
		0F07DEFD2B2FD95300162889 /* HomeCategoriesCVCell.swift */ = {isa = PBXFileReference; lastKnownFileType = sourcecode.swift; path = HomeCategoriesCVCell.swift; sourceTree = "<group>"; };
		0F07DEFE2B2FD95300162889 /* HomeCategoriesCVCell.xib */ = {isa = PBXFileReference; lastKnownFileType = file.xib; path = HomeCategoriesCVCell.xib; sourceTree = "<group>"; };
		0F07DF012B2FD9C400162889 /* HomeProductsCVCell.swift */ = {isa = PBXFileReference; lastKnownFileType = sourcecode.swift; path = HomeProductsCVCell.swift; sourceTree = "<group>"; };
		0F07DF022B2FD9C400162889 /* HomeProductsCVCell.xib */ = {isa = PBXFileReference; lastKnownFileType = file.xib; path = HomeProductsCVCell.xib; sourceTree = "<group>"; };
		0F33035A2B098E3B00487F6D /* CartCell.swift */ = {isa = PBXFileReference; lastKnownFileType = sourcecode.swift; path = CartCell.swift; sourceTree = "<group>"; };
		0F33035B2B098E3B00487F6D /* CartCell.xib */ = {isa = PBXFileReference; lastKnownFileType = file.xib; path = CartCell.xib; sourceTree = "<group>"; };
		0F33035E2B0ACBAE00487F6D /* CartModel.swift */ = {isa = PBXFileReference; lastKnownFileType = sourcecode.swift; path = CartModel.swift; sourceTree = "<group>"; };
		0F3303602B0AE77B00487F6D /* Assets.xcassets */ = {isa = PBXFileReference; lastKnownFileType = folder.assetcatalog; path = Assets.xcassets; sourceTree = "<group>"; };
		0F3E1AA52B1D596B0004FEAE /* CheckoutVC.swift */ = {isa = PBXFileReference; lastKnownFileType = sourcecode.swift; path = CheckoutVC.swift; sourceTree = "<group>"; };
		0F3E1AA72B1D5F750004FEAE /* CheckoutCell.swift */ = {isa = PBXFileReference; lastKnownFileType = sourcecode.swift; path = CheckoutCell.swift; sourceTree = "<group>"; };
		0F3E1AA82B1D5F750004FEAE /* CheckoutCell.xib */ = {isa = PBXFileReference; lastKnownFileType = file.xib; path = CheckoutCell.xib; sourceTree = "<group>"; };
		0F3E1AAB2B1D6A6E0004FEAE /* Checkout.swift */ = {isa = PBXFileReference; lastKnownFileType = sourcecode.swift; path = Checkout.swift; sourceTree = "<group>"; };
		0F47808E2B03FF4F006B2FDF /* AddressesVC.swift */ = {isa = PBXFileReference; lastKnownFileType = sourcecode.swift; path = AddressesVC.swift; sourceTree = "<group>"; };
		0F4780922B03FFC8006B2FDF /* AddressesCell.swift */ = {isa = PBXFileReference; lastKnownFileType = sourcecode.swift; path = AddressesCell.swift; sourceTree = "<group>"; };
		0F4780932B03FFC8006B2FDF /* AddressesCell.xib */ = {isa = PBXFileReference; lastKnownFileType = file.xib; path = AddressesCell.xib; sourceTree = "<group>"; };
		0F4780972B0402A0006B2FDF /* Enum+String.swift */ = {isa = PBXFileReference; lastKnownFileType = sourcecode.swift; path = "Enum+String.swift"; sourceTree = "<group>"; };
		0F4780992B043129006B2FDF /* AddressModel.swift */ = {isa = PBXFileReference; lastKnownFileType = sourcecode.swift; path = AddressModel.swift; sourceTree = "<group>"; };
		0F4780EB2B06F80F006B2FDF /* NewAddressVC.swift */ = {isa = PBXFileReference; lastKnownFileType = sourcecode.swift; path = NewAddressVC.swift; sourceTree = "<group>"; };
		0F57E15E2B2F5A5800757AC2 /* HomeVC.swift */ = {isa = PBXFileReference; lastKnownFileType = sourcecode.swift; path = HomeVC.swift; sourceTree = "<group>"; };
		0F682D662B12A232006F6272 /* ProductsVC.swift */ = {isa = PBXFileReference; lastKnownFileType = sourcecode.swift; path = ProductsVC.swift; sourceTree = "<group>"; };
		0F682DE52B141860006F6272 /* ProuductCell.swift */ = {isa = PBXFileReference; lastKnownFileType = sourcecode.swift; path = ProuductCell.swift; sourceTree = "<group>"; };
		0F682DE62B141860006F6272 /* ProuductCell.xib */ = {isa = PBXFileReference; lastKnownFileType = file.xib; path = ProuductCell.xib; sourceTree = "<group>"; };
		0F682DEA2B142419006F6272 /* Helper.swift */ = {isa = PBXFileReference; lastKnownFileType = sourcecode.swift; path = Helper.swift; sourceTree = "<group>"; };
		0F682DEC2B143782006F6272 /* Products.swift */ = {isa = PBXFileReference; lastKnownFileType = sourcecode.swift; path = Products.swift; sourceTree = "<group>"; };
		0F7CE00D2AF7156800595E48 /* OrdersVC.swift */ = {isa = PBXFileReference; lastKnownFileType = sourcecode.swift; path = OrdersVC.swift; sourceTree = "<group>"; };
		0F7CE0122AF7191B00595E48 /* OrdersCell.swift */ = {isa = PBXFileReference; lastKnownFileType = sourcecode.swift; path = OrdersCell.swift; sourceTree = "<group>"; };
		0F7CE0132AF7191B00595E48 /* OrdersCell.xib */ = {isa = PBXFileReference; lastKnownFileType = file.xib; path = OrdersCell.xib; sourceTree = "<group>"; };
		0F7CE0172AF71B1200595E48 /* OrdersModels.swift */ = {isa = PBXFileReference; lastKnownFileType = sourcecode.swift; path = OrdersModels.swift; sourceTree = "<group>"; };
		0F8D03B92B2A3D28006216FA /* CollectionViewCell+Enum.swift */ = {isa = PBXFileReference; lastKnownFileType = sourcecode.swift; path = "CollectionViewCell+Enum.swift"; sourceTree = "<group>"; };
		0F9252672AE9E52F00851FA4 /* Sukkar.app */ = {isa = PBXFileReference; explicitFileType = wrapper.application; includeInIndex = 0; path = Sukkar.app; sourceTree = BUILT_PRODUCTS_DIR; };
		0F92526A2AE9E52F00851FA4 /* AppDelegate.swift */ = {isa = PBXFileReference; lastKnownFileType = sourcecode.swift; path = AppDelegate.swift; sourceTree = "<group>"; };
		0F92526C2AE9E52F00851FA4 /* SceneDelegate.swift */ = {isa = PBXFileReference; lastKnownFileType = sourcecode.swift; path = SceneDelegate.swift; sourceTree = "<group>"; };
		0F92526E2AE9E52F00851FA4 /* LoginVC.swift */ = {isa = PBXFileReference; lastKnownFileType = sourcecode.swift; path = LoginVC.swift; sourceTree = "<group>"; };
		0F9252712AE9E52F00851FA4 /* Base */ = {isa = PBXFileReference; lastKnownFileType = file.storyboard; name = Base; path = Base.lproj/Main.storyboard; sourceTree = "<group>"; };
		0F9252762AE9E53000851FA4 /* Base */ = {isa = PBXFileReference; lastKnownFileType = file.storyboard; name = Base; path = Base.lproj/LaunchScreen.storyboard; sourceTree = "<group>"; };
		0F9252782AE9E53000851FA4 /* Info.plist */ = {isa = PBXFileReference; lastKnownFileType = text.plist.xml; path = Info.plist; sourceTree = "<group>"; };
		0F9252C42AEDD09700851FA4 /* UIView+Extensions.swift */ = {isa = PBXFileReference; lastKnownFileType = sourcecode.swift; path = "UIView+Extensions.swift"; sourceTree = "<group>"; };
		0F9252C62AEF1FBA00851FA4 /* Colors.swift */ = {isa = PBXFileReference; lastKnownFileType = sourcecode.swift; path = Colors.swift; sourceTree = "<group>"; };
		0F9252F82AF0936800851FA4 /* RegisterVC.swift */ = {isa = PBXFileReference; lastKnownFileType = sourcecode.swift; path = RegisterVC.swift; sourceTree = "<group>"; };
		0FA941A12B2CFF7000ECF096 /* Categories.swift */ = {isa = PBXFileReference; lastKnownFileType = sourcecode.swift; path = Categories.swift; sourceTree = "<group>"; };
		0FAAC19B2B2BD01E00C07BD6 /* CategoriesVC.swift */ = {isa = PBXFileReference; lastKnownFileType = sourcecode.swift; path = CategoriesVC.swift; sourceTree = "<group>"; };
		0FAAC19D2B2BD29300C07BD6 /* CategoriesCell.swift */ = {isa = PBXFileReference; lastKnownFileType = sourcecode.swift; path = CategoriesCell.swift; sourceTree = "<group>"; };
		0FAAC19E2B2BD29300C07BD6 /* CategoriesCell.xib */ = {isa = PBXFileReference; lastKnownFileType = file.xib; path = CategoriesCell.xib; sourceTree = "<group>"; };
		0FAAC1A12B2BD2A700C07BD6 /* ProudectCell.swift */ = {isa = PBXFileReference; lastKnownFileType = sourcecode.swift; path = ProudectCell.swift; sourceTree = "<group>"; };
		0FAAC1A22B2BD2A700C07BD6 /* ProudectCell.xib */ = {isa = PBXFileReference; lastKnownFileType = file.xib; path = ProudectCell.xib; sourceTree = "<group>"; };
		0FAED3CD2B09848A002109F2 /* CartVC.swift */ = {isa = PBXFileReference; lastKnownFileType = sourcecode.swift; path = CartVC.swift; sourceTree = "<group>"; };
		0FD30A7F2B2007F100A39E49 /* UITableView+Extension.swift */ = {isa = PBXFileReference; fileEncoding = 4; lastKnownFileType = sourcecode.swift; path = "UITableView+Extension.swift"; sourceTree = "<group>"; };
/* End PBXFileReference section */

/* Begin PBXFrameworksBuildPhase section */
		0F9252642AE9E52F00851FA4 /* Frameworks */ = {
			isa = PBXFrameworksBuildPhase;
			buildActionMask = 2147483647;
			files = (
			);
			runOnlyForDeploymentPostprocessing = 0;
		};
/* End PBXFrameworksBuildPhase section */

/* Begin PBXGroup section */
		0F4780962B040286006B2FDF /* Enum */ = {
			isa = PBXGroup;
			children = (
				0F4780972B0402A0006B2FDF /* Enum+String.swift */,
				0F8D03B92B2A3D28006216FA /* CollectionViewCell+Enum.swift */,
			);
			path = Enum;
			sourceTree = "<group>";
		};
		0F682DE92B14240E006F6272 /* Helper */ = {
			isa = PBXGroup;
			children = (
				0F682DEA2B142419006F6272 /* Helper.swift */,
			);
			path = Helper;
			sourceTree = "<group>";
		};
		0F7CE00F2AF718D700595E48 /* Views */ = {
			isa = PBXGroup;
			children = (
				0FAED3CC2B09847B002109F2 /* Categories */,
				0F7CE0112AF718EF00595E48 /* Cell */,
				0F7CE0102AF718E100595E48 /* Main */,
			);
			path = Views;
			sourceTree = "<group>";
		};
		0F7CE0102AF718E100595E48 /* Main */ = {
			isa = PBXGroup;
			children = (
				0F9252752AE9E53000851FA4 /* LaunchScreen.storyboard */,
				0F9252702AE9E52F00851FA4 /* Main.storyboard */,
			);
			path = Main;
			sourceTree = "<group>";
		};
		0F7CE0112AF718EF00595E48 /* Cell */ = {
			isa = PBXGroup;
			children = (
				0FC473382B253563005D1448 /* TableViewCell */,
				0FC473372B25353D005D1448 /* CollectionViewCell */,
			);
			path = Cell;
			sourceTree = "<group>";
		};
		0F7CE0162AF71AE500595E48 /* Models */ = {
			isa = PBXGroup;
			children = (
				0F7CE0172AF71B1200595E48 /* OrdersModels.swift */,
				0F4780992B043129006B2FDF /* AddressModel.swift */,
				0F33035E2B0ACBAE00487F6D /* CartModel.swift */,
				0F682DEC2B143782006F6272 /* Products.swift */,
				0F3E1AAB2B1D6A6E0004FEAE /* Checkout.swift */,
				0FA941A12B2CFF7000ECF096 /* Categories.swift */,
			);
			path = Models;
			sourceTree = "<group>";
		};
		0F92525E2AE9E52E00851FA4 = {
			isa = PBXGroup;
			children = (
				0F9252692AE9E52F00851FA4 /* Sukkar */,
				0F9252682AE9E52F00851FA4 /* Products */,
			);
			sourceTree = "<group>";
		};
		0F9252682AE9E52F00851FA4 /* Products */ = {
			isa = PBXGroup;
			children = (
				0F9252672AE9E52F00851FA4 /* Sukkar.app */,
			);
			name = Products;
			sourceTree = "<group>";
		};
		0F9252692AE9E52F00851FA4 /* Sukkar */ = {
			isa = PBXGroup;
			children = (
				0F7CE0162AF71AE500595E48 /* Models */,
				0F7CE00F2AF718D700595E48 /* Views */,
				0F9252C82AEF237300851FA4 /* Controllers */,
				0F9252BE2AEDC39800851FA4 /* Utilities */,
				0F92526A2AE9E52F00851FA4 /* AppDelegate.swift */,
				0F92526C2AE9E52F00851FA4 /* SceneDelegate.swift */,
				0F9252782AE9E53000851FA4 /* Info.plist */,
				0F3303602B0AE77B00487F6D /* Assets.xcassets */,
			);
			path = Sukkar;
			sourceTree = "<group>";
		};
		0F9252BE2AEDC39800851FA4 /* Utilities */ = {
			isa = PBXGroup;
			children = (
				0F682DE92B14240E006F6272 /* Helper */,
				0F4780962B040286006B2FDF /* Enum */,
				0F9252C32AEDD05900851FA4 /* Extensions */,
				0F9252BF2AEDC3D600851FA4 /* Colors */,
			);
			path = Utilities;
			sourceTree = "<group>";
		};
		0F9252BF2AEDC3D600851FA4 /* Colors */ = {
			isa = PBXGroup;
			children = (
				0F9252C62AEF1FBA00851FA4 /* Colors.swift */,
			);
			path = Colors;
			sourceTree = "<group>";
		};
		0F9252C32AEDD05900851FA4 /* Extensions */ = {
			isa = PBXGroup;
			children = (
				0FD30A7F2B2007F100A39E49 /* UITableView+Extension.swift */,
				0F9252C42AEDD09700851FA4 /* UIView+Extensions.swift */,
			);
			path = Extensions;
			sourceTree = "<group>";
		};
		0F9252C82AEF237300851FA4 /* Controllers */ = {
			isa = PBXGroup;
			children = (
				0F92526E2AE9E52F00851FA4 /* LoginVC.swift */,
				0F9252F82AF0936800851FA4 /* RegisterVC.swift */,
				0F7CE00D2AF7156800595E48 /* OrdersVC.swift */,
				0F47808E2B03FF4F006B2FDF /* AddressesVC.swift */,
				0F4780EB2B06F80F006B2FDF /* NewAddressVC.swift */,
				0F57E15E2B2F5A5800757AC2 /* HomeVC.swift */,
			);
			path = Controllers;
			sourceTree = "<group>";
		};
		0FAED3CC2B09847B002109F2 /* Categories */ = {
			isa = PBXGroup;
			children = (
				0FAED3CD2B09848A002109F2 /* CartVC.swift */,
				0F682D662B12A232006F6272 /* ProductsVC.swift */,
				0F3E1AA52B1D596B0004FEAE /* CheckoutVC.swift */,
				0FAAC19B2B2BD01E00C07BD6 /* CategoriesVC.swift */,
			);
			path = Categories;
			sourceTree = "<group>";
		};
		0FC473372B25353D005D1448 /* CollectionViewCell */ = {
			isa = PBXGroup;
			children = (
				0FAAC19D2B2BD29300C07BD6 /* CategoriesCell.swift */,
				0FAAC19E2B2BD29300C07BD6 /* CategoriesCell.xib */,
				0FAAC1A12B2BD2A700C07BD6 /* ProudectCell.swift */,
				0FAAC1A22B2BD2A700C07BD6 /* ProudectCell.xib */,
				0F07DEF92B2FD8E100162889 /* HomeSliersCVCell.swift */,
				0F07DEFA2B2FD8E100162889 /* HomeSliersCVCell.xib */,
				0F07DEFD2B2FD95300162889 /* HomeCategoriesCVCell.swift */,
				0F07DEFE2B2FD95300162889 /* HomeCategoriesCVCell.xib */,
				0F07DF012B2FD9C400162889 /* HomeProductsCVCell.swift */,
				0F07DF022B2FD9C400162889 /* HomeProductsCVCell.xib */,
			);
			path = CollectionViewCell;
			sourceTree = "<group>";
		};
		0FC473382B253563005D1448 /* TableViewCell */ = {
			isa = PBXGroup;
			children = (
				0F7CE0122AF7191B00595E48 /* OrdersCell.swift */,
				0F7CE0132AF7191B00595E48 /* OrdersCell.xib */,
				0F4780922B03FFC8006B2FDF /* AddressesCell.swift */,
				0F4780932B03FFC8006B2FDF /* AddressesCell.xib */,
				0F33035A2B098E3B00487F6D /* CartCell.swift */,
				0F33035B2B098E3B00487F6D /* CartCell.xib */,
				0F682DE52B141860006F6272 /* ProuductCell.swift */,
				0F682DE62B141860006F6272 /* ProuductCell.xib */,
				0F3E1AA72B1D5F750004FEAE /* CheckoutCell.swift */,
				0F3E1AA82B1D5F750004FEAE /* CheckoutCell.xib */,
			);
			path = TableViewCell;
			sourceTree = "<group>";
		};
/* End PBXGroup section */

/* Begin PBXNativeTarget section */
		0F9252662AE9E52F00851FA4 /* Sukkar */ = {
			isa = PBXNativeTarget;
			buildConfigurationList = 0F92527B2AE9E53000851FA4 /* Build configuration list for PBXNativeTarget "Sukkar" */;
			buildPhases = (
				0F9252632AE9E52F00851FA4 /* Sources */,
				0F9252642AE9E52F00851FA4 /* Frameworks */,
				0F9252652AE9E52F00851FA4 /* Resources */,
			);
			buildRules = (
			);
			dependencies = (
			);
			name = Sukkar;
			productName = Sukkar;
			productReference = 0F9252672AE9E52F00851FA4 /* Sukkar.app */;
			productType = "com.apple.product-type.application";
		};
/* End PBXNativeTarget section */

/* Begin PBXProject section */
		0F92525F2AE9E52E00851FA4 /* Project object */ = {
			isa = PBXProject;
			attributes = {
				BuildIndependentTargetsInParallel = 1;
				LastSwiftUpdateCheck = 1500;
				LastUpgradeCheck = 1500;
				TargetAttributes = {
					0F9252662AE9E52F00851FA4 = {
						CreatedOnToolsVersion = 15.0.1;
					};
				};
			};
			buildConfigurationList = 0F9252622AE9E52E00851FA4 /* Build configuration list for PBXProject "Sukkar" */;
			compatibilityVersion = "Xcode 14.0";
			developmentRegion = en;
			hasScannedForEncodings = 0;
			knownRegions = (
				en,
				Base,
			);
			mainGroup = 0F92525E2AE9E52E00851FA4;
			productRefGroup = 0F9252682AE9E52F00851FA4 /* Products */;
			projectDirPath = "";
			projectRoot = "";
			targets = (
				0F9252662AE9E52F00851FA4 /* Sukkar */,
			);
		};
/* End PBXProject section */

/* Begin PBXResourcesBuildPhase section */
		0F9252652AE9E52F00851FA4 /* Resources */ = {
			isa = PBXResourcesBuildPhase;
			buildActionMask = 2147483647;
			files = (
				0F9252772AE9E53000851FA4 /* LaunchScreen.storyboard in Resources */,
				0F7CE0152AF7191B00595E48 /* OrdersCell.xib in Resources */,
				0F07DEFC2B2FD8E100162889 /* HomeSliersCVCell.xib in Resources */,
				0F682DE82B141860006F6272 /* ProuductCell.xib in Resources */,
				0FAAC1A42B2BD2A700C07BD6 /* ProudectCell.xib in Resources */,
				0F07DF002B2FD95300162889 /* HomeCategoriesCVCell.xib in Resources */,
				0F33035D2B098E3B00487F6D /* CartCell.xib in Resources */,
				0F9252722AE9E52F00851FA4 /* Main.storyboard in Resources */,
				0F3303612B0AE77B00487F6D /* Assets.xcassets in Resources */,
				0F4780952B03FFC8006B2FDF /* AddressesCell.xib in Resources */,
				0F3E1AAA2B1D5F750004FEAE /* CheckoutCell.xib in Resources */,
				0F07DF042B2FD9C400162889 /* HomeProductsCVCell.xib in Resources */,
				0FAAC1A02B2BD29300C07BD6 /* CategoriesCell.xib in Resources */,
			);
			runOnlyForDeploymentPostprocessing = 0;
		};
/* End PBXResourcesBuildPhase section */

/* Begin PBXSourcesBuildPhase section */
		0F9252632AE9E52F00851FA4 /* Sources */ = {
			isa = PBXSourcesBuildPhase;
			buildActionMask = 2147483647;
			files = (
				0F92526F2AE9E52F00851FA4 /* LoginVC.swift in Sources */,
				0FAAC19F2B2BD29300C07BD6 /* CategoriesCell.swift in Sources */,
				0F9252C72AEF1FBA00851FA4 /* Colors.swift in Sources */,
				0F7CE0142AF7191B00595E48 /* OrdersCell.swift in Sources */,
				0F682DED2B143782006F6272 /* Products.swift in Sources */,
				0F07DEFB2B2FD8E100162889 /* HomeSliersCVCell.swift in Sources */,
				0F682DE72B141860006F6272 /* ProuductCell.swift in Sources */,
				0F33035C2B098E3B00487F6D /* CartCell.swift in Sources */,
				0FAAC19C2B2BD01E00C07BD6 /* CategoriesVC.swift in Sources */,
				0F682D682B12A232006F6272 /* ProductsVC.swift in Sources */,
				0F92526B2AE9E52F00851FA4 /* AppDelegate.swift in Sources */,
				0F07DF032B2FD9C400162889 /* HomeProductsCVCell.swift in Sources */,
				0F682DEB2B142419006F6272 /* Helper.swift in Sources */,
				0F07DEFF2B2FD95300162889 /* HomeCategoriesCVCell.swift in Sources */,
				0F7CE0182AF71B1200595E48 /* OrdersModels.swift in Sources */,
				0FAAC1A32B2BD2A700C07BD6 /* ProudectCell.swift in Sources */,
				0F47809A2B043129006B2FDF /* AddressModel.swift in Sources */,
				0F3E1AA92B1D5F750004FEAE /* CheckoutCell.swift in Sources */,
				0F57E15F2B2F5A5800757AC2 /* HomeVC.swift in Sources */,
				0F8D03BA2B2A3D28006216FA /* CollectionViewCell+Enum.swift in Sources */,
				0F4780942B03FFC8006B2FDF /* AddressesCell.swift in Sources */,
				0FA941A22B2CFF7000ECF096 /* Categories.swift in Sources */,
				0F9252F92AF0936800851FA4 /* RegisterVC.swift in Sources */,
				0F4780EC2B06F810006B2FDF /* NewAddressVC.swift in Sources */,
				0F3E1AAC2B1D6A6E0004FEAE /* Checkout.swift in Sources */,
				0F3E1AA62B1D596B0004FEAE /* CheckoutVC.swift in Sources */,
				0FD30A802B2007F100A39E49 /* UITableView+Extension.swift in Sources */,
				0F33035F2B0ACBAE00487F6D /* CartModel.swift in Sources */,
				0FAED3CE2B09848A002109F2 /* CartVC.swift in Sources */,
				0F7CE00E2AF7156800595E48 /* OrdersVC.swift in Sources */,
				0F9252C52AEDD09700851FA4 /* UIView+Extensions.swift in Sources */,
				0F92526D2AE9E52F00851FA4 /* SceneDelegate.swift in Sources */,
				0F4780902B03FF4F006B2FDF /* AddressesVC.swift in Sources */,
				0F4780982B0402A0006B2FDF /* Enum+String.swift in Sources */,
			);
			runOnlyForDeploymentPostprocessing = 0;
		};
/* End PBXSourcesBuildPhase section */

/* Begin PBXVariantGroup section */
		0F9252702AE9E52F00851FA4 /* Main.storyboard */ = {
			isa = PBXVariantGroup;
			children = (
				0F9252712AE9E52F00851FA4 /* Base */,
			);
			name = Main.storyboard;
			sourceTree = "<group>";
		};
		0F9252752AE9E53000851FA4 /* LaunchScreen.storyboard */ = {
			isa = PBXVariantGroup;
			children = (
				0F9252762AE9E53000851FA4 /* Base */,
			);
			name = LaunchScreen.storyboard;
			sourceTree = "<group>";
		};
/* End PBXVariantGroup section */

/* Begin XCBuildConfiguration section */
		0F9252792AE9E53000851FA4 /* Debug */ = {
			isa = XCBuildConfiguration;
			buildSettings = {
				ALWAYS_SEARCH_USER_PATHS = NO;
				ASSETCATALOG_COMPILER_GENERATE_SWIFT_ASSET_SYMBOL_EXTENSIONS = YES;
				CLANG_ANALYZER_NONNULL = YES;
				CLANG_ANALYZER_NUMBER_OBJECT_CONVERSION = YES_AGGRESSIVE;
				CLANG_CXX_LANGUAGE_STANDARD = "gnu++20";
				CLANG_ENABLE_MODULES = YES;
				CLANG_ENABLE_OBJC_ARC = YES;
				CLANG_ENABLE_OBJC_WEAK = YES;
				CLANG_WARN_BLOCK_CAPTURE_AUTORELEASING = YES;
				CLANG_WARN_BOOL_CONVERSION = YES;
				CLANG_WARN_COMMA = YES;
				CLANG_WARN_CONSTANT_CONVERSION = YES;
				CLANG_WARN_DEPRECATED_OBJC_IMPLEMENTATIONS = YES;
				CLANG_WARN_DIRECT_OBJC_ISA_USAGE = YES_ERROR;
				CLANG_WARN_DOCUMENTATION_COMMENTS = YES;
				CLANG_WARN_EMPTY_BODY = YES;
				CLANG_WARN_ENUM_CONVERSION = YES;
				CLANG_WARN_INFINITE_RECURSION = YES;
				CLANG_WARN_INT_CONVERSION = YES;
				CLANG_WARN_NON_LITERAL_NULL_CONVERSION = YES;
				CLANG_WARN_OBJC_IMPLICIT_RETAIN_SELF = YES;
				CLANG_WARN_OBJC_LITERAL_CONVERSION = YES;
				CLANG_WARN_OBJC_ROOT_CLASS = YES_ERROR;
				CLANG_WARN_QUOTED_INCLUDE_IN_FRAMEWORK_HEADER = YES;
				CLANG_WARN_RANGE_LOOP_ANALYSIS = YES;
				CLANG_WARN_STRICT_PROTOTYPES = YES;
				CLANG_WARN_SUSPICIOUS_MOVE = YES;
				CLANG_WARN_UNGUARDED_AVAILABILITY = YES_AGGRESSIVE;
				CLANG_WARN_UNREACHABLE_CODE = YES;
				CLANG_WARN__DUPLICATE_METHOD_MATCH = YES;
				COPY_PHASE_STRIP = NO;
				DEBUG_INFORMATION_FORMAT = dwarf;
				ENABLE_STRICT_OBJC_MSGSEND = YES;
				ENABLE_TESTABILITY = YES;
				ENABLE_USER_SCRIPT_SANDBOXING = YES;
				GCC_C_LANGUAGE_STANDARD = gnu17;
				GCC_DYNAMIC_NO_PIC = NO;
				GCC_NO_COMMON_BLOCKS = YES;
				GCC_OPTIMIZATION_LEVEL = 0;
				GCC_PREPROCESSOR_DEFINITIONS = (
					"DEBUG=1",
					"$(inherited)",
				);
				GCC_WARN_64_TO_32_BIT_CONVERSION = YES;
				GCC_WARN_ABOUT_RETURN_TYPE = YES_ERROR;
				GCC_WARN_UNDECLARED_SELECTOR = YES;
				GCC_WARN_UNINITIALIZED_AUTOS = YES_AGGRESSIVE;
				GCC_WARN_UNUSED_FUNCTION = YES;
				GCC_WARN_UNUSED_VARIABLE = YES;
				IPHONEOS_DEPLOYMENT_TARGET = 17.0;
				LOCALIZATION_PREFERS_STRING_CATALOGS = YES;
				MTL_ENABLE_DEBUG_INFO = INCLUDE_SOURCE;
				MTL_FAST_MATH = YES;
				ONLY_ACTIVE_ARCH = YES;
				SDKROOT = iphoneos;
				SWIFT_ACTIVE_COMPILATION_CONDITIONS = "DEBUG $(inherited)";
				SWIFT_OPTIMIZATION_LEVEL = "-Onone";
			};
			name = Debug;
		};
		0F92527A2AE9E53000851FA4 /* Release */ = {
			isa = XCBuildConfiguration;
			buildSettings = {
				ALWAYS_SEARCH_USER_PATHS = NO;
				ASSETCATALOG_COMPILER_GENERATE_SWIFT_ASSET_SYMBOL_EXTENSIONS = YES;
				CLANG_ANALYZER_NONNULL = YES;
				CLANG_ANALYZER_NUMBER_OBJECT_CONVERSION = YES_AGGRESSIVE;
				CLANG_CXX_LANGUAGE_STANDARD = "gnu++20";
				CLANG_ENABLE_MODULES = YES;
				CLANG_ENABLE_OBJC_ARC = YES;
				CLANG_ENABLE_OBJC_WEAK = YES;
				CLANG_WARN_BLOCK_CAPTURE_AUTORELEASING = YES;
				CLANG_WARN_BOOL_CONVERSION = YES;
				CLANG_WARN_COMMA = YES;
				CLANG_WARN_CONSTANT_CONVERSION = YES;
				CLANG_WARN_DEPRECATED_OBJC_IMPLEMENTATIONS = YES;
				CLANG_WARN_DIRECT_OBJC_ISA_USAGE = YES_ERROR;
				CLANG_WARN_DOCUMENTATION_COMMENTS = YES;
				CLANG_WARN_EMPTY_BODY = YES;
				CLANG_WARN_ENUM_CONVERSION = YES;
				CLANG_WARN_INFINITE_RECURSION = YES;
				CLANG_WARN_INT_CONVERSION = YES;
				CLANG_WARN_NON_LITERAL_NULL_CONVERSION = YES;
				CLANG_WARN_OBJC_IMPLICIT_RETAIN_SELF = YES;
				CLANG_WARN_OBJC_LITERAL_CONVERSION = YES;
				CLANG_WARN_OBJC_ROOT_CLASS = YES_ERROR;
				CLANG_WARN_QUOTED_INCLUDE_IN_FRAMEWORK_HEADER = YES;
				CLANG_WARN_RANGE_LOOP_ANALYSIS = YES;
				CLANG_WARN_STRICT_PROTOTYPES = YES;
				CLANG_WARN_SUSPICIOUS_MOVE = YES;
				CLANG_WARN_UNGUARDED_AVAILABILITY = YES_AGGRESSIVE;
				CLANG_WARN_UNREACHABLE_CODE = YES;
				CLANG_WARN__DUPLICATE_METHOD_MATCH = YES;
				COPY_PHASE_STRIP = NO;
				DEBUG_INFORMATION_FORMAT = "dwarf-with-dsym";
				ENABLE_NS_ASSERTIONS = NO;
				ENABLE_STRICT_OBJC_MSGSEND = YES;
				ENABLE_USER_SCRIPT_SANDBOXING = YES;
				GCC_C_LANGUAGE_STANDARD = gnu17;
				GCC_NO_COMMON_BLOCKS = YES;
				GCC_WARN_64_TO_32_BIT_CONVERSION = YES;
				GCC_WARN_ABOUT_RETURN_TYPE = YES_ERROR;
				GCC_WARN_UNDECLARED_SELECTOR = YES;
				GCC_WARN_UNINITIALIZED_AUTOS = YES_AGGRESSIVE;
				GCC_WARN_UNUSED_FUNCTION = YES;
				GCC_WARN_UNUSED_VARIABLE = YES;
				IPHONEOS_DEPLOYMENT_TARGET = 17.0;
				LOCALIZATION_PREFERS_STRING_CATALOGS = YES;
				MTL_ENABLE_DEBUG_INFO = NO;
				MTL_FAST_MATH = YES;
				SDKROOT = iphoneos;
				SWIFT_COMPILATION_MODE = wholemodule;
				VALIDATE_PRODUCT = YES;
			};
			name = Release;
		};
		0F92527C2AE9E53000851FA4 /* Debug */ = {
			isa = XCBuildConfiguration;
			buildSettings = {
				ASSETCATALOG_COMPILER_APPICON_NAME = AppIcon;
				ASSETCATALOG_COMPILER_GLOBAL_ACCENT_COLOR_NAME = AccentColor;
				CODE_SIGN_STYLE = Automatic;
				CURRENT_PROJECT_VERSION = 1;
				GENERATE_INFOPLIST_FILE = YES;
				INFOPLIST_FILE = Sukkar/Info.plist;
				INFOPLIST_KEY_UIApplicationSupportsIndirectInputEvents = YES;
				INFOPLIST_KEY_UILaunchStoryboardName = LaunchScreen;
				INFOPLIST_KEY_UIMainStoryboardFile = Main;
				INFOPLIST_KEY_UISupportedInterfaceOrientations_iPad = "UIInterfaceOrientationPortrait UIInterfaceOrientationPortraitUpsideDown UIInterfaceOrientationLandscapeLeft UIInterfaceOrientationLandscapeRight";
				INFOPLIST_KEY_UISupportedInterfaceOrientations_iPhone = "UIInterfaceOrientationPortrait UIInterfaceOrientationLandscapeLeft UIInterfaceOrientationLandscapeRight";
				LD_RUNPATH_SEARCH_PATHS = (
					"$(inherited)",
					"@executable_path/Frameworks",
				);
				MARKETING_VERSION = 1.0;
				PRODUCT_BUNDLE_IDENTIFIER = comNote.Sukkar;
				PRODUCT_NAME = "$(TARGET_NAME)";
				SWIFT_EMIT_LOC_STRINGS = YES;
				SWIFT_VERSION = 5.0;
				TARGETED_DEVICE_FAMILY = "1,2";
			};
			name = Debug;
		};
		0F92527D2AE9E53000851FA4 /* Release */ = {
			isa = XCBuildConfiguration;
			buildSettings = {
				ASSETCATALOG_COMPILER_APPICON_NAME = AppIcon;
				ASSETCATALOG_COMPILER_GLOBAL_ACCENT_COLOR_NAME = AccentColor;
				CODE_SIGN_STYLE = Automatic;
				CURRENT_PROJECT_VERSION = 1;
				GENERATE_INFOPLIST_FILE = YES;
				INFOPLIST_FILE = Sukkar/Info.plist;
				INFOPLIST_KEY_UIApplicationSupportsIndirectInputEvents = YES;
				INFOPLIST_KEY_UILaunchStoryboardName = LaunchScreen;
				INFOPLIST_KEY_UIMainStoryboardFile = Main;
				INFOPLIST_KEY_UISupportedInterfaceOrientations_iPad = "UIInterfaceOrientationPortrait UIInterfaceOrientationPortraitUpsideDown UIInterfaceOrientationLandscapeLeft UIInterfaceOrientationLandscapeRight";
				INFOPLIST_KEY_UISupportedInterfaceOrientations_iPhone = "UIInterfaceOrientationPortrait UIInterfaceOrientationLandscapeLeft UIInterfaceOrientationLandscapeRight";
				LD_RUNPATH_SEARCH_PATHS = (
					"$(inherited)",
					"@executable_path/Frameworks",
				);
				MARKETING_VERSION = 1.0;
				PRODUCT_BUNDLE_IDENTIFIER = comNote.Sukkar;
				PRODUCT_NAME = "$(TARGET_NAME)";
				SWIFT_EMIT_LOC_STRINGS = YES;
				SWIFT_VERSION = 5.0;
				TARGETED_DEVICE_FAMILY = "1,2";
			};
			name = Release;
		};
/* End XCBuildConfiguration section */

/* Begin XCConfigurationList section */
		0F9252622AE9E52E00851FA4 /* Build configuration list for PBXProject "Sukkar" */ = {
			isa = XCConfigurationList;
			buildConfigurations = (
				0F9252792AE9E53000851FA4 /* Debug */,
				0F92527A2AE9E53000851FA4 /* Release */,
			);
			defaultConfigurationIsVisible = 0;
			defaultConfigurationName = Release;
		};
		0F92527B2AE9E53000851FA4 /* Build configuration list for PBXNativeTarget "Sukkar" */ = {
			isa = XCConfigurationList;
			buildConfigurations = (
				0F92527C2AE9E53000851FA4 /* Debug */,
				0F92527D2AE9E53000851FA4 /* Release */,
			);
			defaultConfigurationIsVisible = 0;
			defaultConfigurationName = Release;
		};
/* End XCConfigurationList section */
	};
	rootObject = 0F92525F2AE9E52E00851FA4 /* Project object */;
}
